
Microsoft Visual Studio Solution File, Format Version 12.00
# Visual Studio Version 17
VisualStudioVersion = 17.3.32819.101
MinimumVisualStudioVersion = 10.0.40219.1
Project("{9A19103F-16F7-4668-BE54-9A1E7A4F7556}") = "OurHome.Client", "OurHome\Client\OurHome.Client.csproj", "{11360DC4-E0C3-43B8-A67D-7B556F3D5015}"
EndProject
Project("{9A19103F-16F7-4668-BE54-9A1E7A4F7556}") = "OurHome.Server", "OurHome\Server\OurHome.Server.csproj", "{5BB90054-D9D3-43DB-8F8A-741361067D01}"
EndProject
Project("{9A19103F-16F7-4668-BE54-9A1E7A4F7556}") = "OurHome.Shared", "OurHome\Shared\OurHome.Shared.csproj", "{59B1DF5E-DFEC-4D5F-BD20-7C0F901AF7DF}"
EndProject
Global
	GlobalSection(SolutionConfigurationPlatforms) = preSolution
		Debug|Any CPU = Debug|Any CPU
		Release|Any CPU = Release|Any CPU
	EndGlobalSection
	GlobalSection(ProjectConfigurationPlatforms) = postSolution
		{11360DC4-E0C3-43B8-A67D-7B556F3D5015}.Debug|Any CPU.ActiveCfg = Debug|Any CPU
		{11360DC4-E0C3-43B8-A67D-7B556F3D5015}.Debug|Any CPU.Build.0 = Debug|Any CPU
		{11360DC4-E0C3-43B8-A67D-7B556F3D5015}.Release|Any CPU.ActiveCfg = Release|Any CPU
		{11360DC4-E0C3-43B8-A67D-7B556F3D5015}.Release|Any CPU.Build.0 = Release|Any CPU
		{5BB90054-D9D3-43DB-8F8A-741361067D01}.Debug|Any CPU.ActiveCfg = Debug|Any CPU
		{5BB90054-D9D3-43DB-8F8A-741361067D01}.Debug|Any CPU.Build.0 = Debug|Any CPU
		{5BB90054-D9D3-43DB-8F8A-741361067D01}.Release|Any CPU.ActiveCfg = Release|Any CPU
		{5BB90054-D9D3-43DB-8F8A-741361067D01}.Release|Any CPU.Build.0 = Release|Any CPU
		{59B1DF5E-DFEC-4D5F-BD20-7C0F901AF7DF}.Debug|Any CPU.ActiveCfg = Debug|Any CPU
		{59B1DF5E-DFEC-4D5F-BD20-7C0F901AF7DF}.Debug|Any CPU.Build.0 = Debug|Any CPU
		{59B1DF5E-DFEC-4D5F-BD20-7C0F901AF7DF}.Release|Any CPU.ActiveCfg = Release|Any CPU
		{59B1DF5E-DFEC-4D5F-BD20-7C0F901AF7DF}.Release|Any CPU.Build.0 = Release|Any CPU
	EndGlobalSection
	GlobalSection(SolutionProperties) = preSolution
		HideSolutionNode = FALSE
	EndGlobalSection
	GlobalSection(ExtensibilityGlobals) = postSolution
		SolutionGuid = {997FC03B-8D48-4406-976A-BEAE9AFE55FB}
	EndGlobalSection
EndGlobal
